
Microsoft Visual Studio Solution File, Format Version 12.00
# Visual Studio Version 16
VisualStudioVersion = 16.0.32802.440
MinimumVisualStudioVersion = 10.0.40219.1
Project("{FAE04EC0-301F-11D3-BF4B-00C04F79EFBC}") = "RUAP_LV4", "RUAP_LV4.csproj", "{4AFDC593-225B-486E-94E0-AE0F9A16FB0E}"
EndProject
Global
	GlobalSection(SolutionConfigurationPlatforms) = preSolution
		Debug|Any CPU = Debug|Any CPU
		Release|Any CPU = Release|Any CPU
	EndGlobalSection
	GlobalSection(ProjectConfigurationPlatforms) = postSolution
		{4AFDC593-225B-486E-94E0-AE0F9A16FB0E}.Debug|Any CPU.ActiveCfg = Debug|Any CPU
		{4AFDC593-225B-486E-94E0-AE0F9A16FB0E}.Debug|Any CPU.Build.0 = Debug|Any CPU
		{4AFDC593-225B-486E-94E0-AE0F9A16FB0E}.Release|Any CPU.ActiveCfg = Release|Any CPU
		{4AFDC593-225B-486E-94E0-AE0F9A16FB0E}.Release|Any CPU.Build.0 = Release|Any CPU
	EndGlobalSection
	GlobalSection(SolutionProperties) = preSolution
		HideSolutionNode = FALSE
	EndGlobalSection
	GlobalSection(ExtensibilityGlobals) = postSolution
		SolutionGuid = {133F8CA3-DE31-4FAD-864E-DF897D0D62F1}
	EndGlobalSection
EndGlobal
